
Microsoft Visual Studio Solution File, Format Version 12.00
# Visual Studio Version 16
VisualStudioVersion = 16.0.29102.190
MinimumVisualStudioVersion = 10.0.40219.1
Project("{FAE04EC0-301F-11D3-BF4B-00C04F79EFBC}") = "RestaurantRater", "RestaurantRater\RestaurantRater.csproj", "{42DCC27B-DDDE-4039-BEB4-A3A22E221242}"
EndProject
Global
	GlobalSection(SolutionConfigurationPlatforms) = preSolution
		Debug|Any CPU = Debug|Any CPU
		Release|Any CPU = Release|Any CPU
	EndGlobalSection
	GlobalSection(ProjectConfigurationPlatforms) = postSolution
		{42DCC27B-DDDE-4039-BEB4-A3A22E221242}.Debug|Any CPU.ActiveCfg = Debug|Any CPU
		{42DCC27B-DDDE-4039-BEB4-A3A22E221242}.Debug|Any CPU.Build.0 = Debug|Any CPU
		{42DCC27B-DDDE-4039-BEB4-A3A22E221242}.Release|Any CPU.ActiveCfg = Release|Any CPU
		{42DCC27B-DDDE-4039-BEB4-A3A22E221242}.Release|Any CPU.Build.0 = Release|Any CPU
	EndGlobalSection
	GlobalSection(SolutionProperties) = preSolution
		HideSolutionNode = FALSE
	EndGlobalSection
	GlobalSection(ExtensibilityGlobals) = postSolution
		SolutionGuid = {1E01EF39-D124-42F7-8D2D-ACF2CF31B632}
	EndGlobalSection
EndGlobal
